// !$*UTF8*$!
{
	archiveVersion = 1;
	classes = {
	};
	objectVersion = 46;
	objects = {

/* Begin PBXBuildFile section */
		1CD19B17153BBD15008DF0C6 /* UIKit.framework in Frameworks */ = {isa = PBXBuildFile; fileRef = 1CD19B16153BBD15008DF0C6 /* UIKit.framework */; };
		1CD19B19153BBD15008DF0C6 /* Foundation.framework in Frameworks */ = {isa = PBXBuildFile; fileRef = 1CD19B18153BBD15008DF0C6 /* Foundation.framework */; };
		1CD19B1B153BBD15008DF0C6 /* CoreGraphics.framework in Frameworks */ = {isa = PBXBuildFile; fileRef = 1CD19B1A153BBD15008DF0C6 /* CoreGraphics.framework */; };
		1CD19B21153BBD15008DF0C6 /* InfoPlist.strings in Resources */ = {isa = PBXBuildFile; fileRef = 1CD19B1F153BBD15008DF0C6 /* InfoPlist.strings */; };
		1CD19B23153BBD15008DF0C6 /* main.m in Sources */ = {isa = PBXBuildFile; fileRef = 1CD19B22153BBD15008DF0C6 /* main.m */; };
		1CD19B27153BBD15008DF0C6 /* AppDelegate.m in Sources */ = {isa = PBXBuildFile; fileRef = 1CD19B26153BBD15008DF0C6 /* AppDelegate.m */; };
		1CD19B2F153BBD5F008DF0C6 /* CanvasView.m in Sources */ = {isa = PBXBuildFile; fileRef = 1CD19B2E153BBD5F008DF0C6 /* CanvasView.m */; };
/* End PBXBuildFile section */

/* Begin PBXFileReference section */
		1CD19B12153BBD15008DF0C6 /* April12.app */ = {isa = PBXFileReference; explicitFileType = wrapper.application; includeInIndex = 0; path = April12.app; sourceTree = BUILT_PRODUCTS_DIR; };
		1CD19B16153BBD15008DF0C6 /* UIKit.framework */ = {isa = PBXFileReference; lastKnownFileType = wrapper.framework; name = UIKit.framework; path = System/Library/Frameworks/UIKit.framework; sourceTree = SDKROOT; };
		1CD19B18153BBD15008DF0C6 /* Foundation.framework */ = {isa = PBXFileReference; lastKnownFileType = wrapper.framework; name = Foundation.framework; path = System/Library/Frameworks/Foundation.framework; sourceTree = SDKROOT; };
		1CD19B1A153BBD15008DF0C6 /* CoreGraphics.framework */ = {isa = PBXFileReference; lastKnownFileType = wrapper.framework; name = CoreGraphics.framework; path = System/Library/Frameworks/CoreGraphics.framework; sourceTree = SDKROOT; };
		1CD19B1E153BBD15008DF0C6 /* April12-Info.plist */ = {isa = PBXFileReference; lastKnownFileType = text.plist.xml; path = "April12-Info.plist"; sourceTree = "<group>"; };
		1CD19B20153BBD15008DF0C6 /* en */ = {isa = PBXFileReference; lastKnownFileType = text.plist.strings; name = en; path = en.lproj/InfoPlist.strings; sourceTree = "<group>"; };
		1CD19B22153BBD15008DF0C6 /* main.m */ = {isa = PBXFileReference; lastKnownFileType = sourcecode.c.objc; path = main.m; sourceTree = "<group>"; };
		1CD19B24153BBD15008DF0C6 /* April12-Prefix.pch */ = {isa = PBXFileReference; lastKnownFileType = sourcecode.c.h; path = "April12-Prefix.pch"; sourceTree = "<group>"; };
		1CD19B25153BBD15008DF0C6 /* AppDelegate.h */ = {isa = PBXFileReference; lastKnownFileType = sourcecode.c.h; path = AppDelegate.h; sourceTree = "<group>"; };
		1CD19B26153BBD15008DF0C6 /* AppDelegate.m */ = {isa = PBXFileReference; lastKnownFileType = sourcecode.c.objc; path = AppDelegate.m; sourceTree = "<group>"; };
		1CD19B2D153BBD5F008DF0C6 /* CanvasView.h */ = {isa = PBXFileReference; fileEncoding = 4; lastKnownFileType = sourcecode.c.h; path = CanvasView.h; sourceTree = "<group>"; };
		1CD19B2E153BBD5F008DF0C6 /* CanvasView.m */ = {isa = PBXFileReference; fileEncoding = 4; lastKnownFileType = sourcecode.c.objc; path = CanvasView.m; sourceTree = "<group>"; };
/* End PBXFileReference section */

/* Begin PBXFrameworksBuildPhase section */
		1CD19B0F153BBD15008DF0C6 /* Frameworks */ = {
			isa = PBXFrameworksBuildPhase;
			buildActionMask = 2147483647;
			files = (
				1CD19B17153BBD15008DF0C6 /* UIKit.framework in Frameworks */,
				1CD19B19153BBD15008DF0C6 /* Foundation.framework in Frameworks */,
				1CD19B1B153BBD15008DF0C6 /* CoreGraphics.framework in Frameworks */,
			);
			runOnlyForDeploymentPostprocessing = 0;
		};
/* End PBXFrameworksBuildPhase section */

/* Begin PBXGroup section */
		1CD19B07153BBD14008DF0C6 = {
			isa = PBXGroup;
			children = (
				1CD19B1C153BBD15008DF0C6 /* April12 */,
				1CD19B15153BBD15008DF0C6 /* Frameworks */,
				1CD19B13153BBD15008DF0C6 /* Products */,
			);
			sourceTree = "<group>";
		};
		1CD19B13153BBD15008DF0C6 /* Products */ = {
			isa = PBXGroup;
			children = (
				1CD19B12153BBD15008DF0C6 /* April12.app */,
			);
			name = Products;
			sourceTree = "<group>";
		};
		1CD19B15153BBD15008DF0C6 /* Frameworks */ = {
			isa = PBXGroup;
			children = (
				1CD19B16153BBD15008DF0C6 /* UIKit.framework */,
				1CD19B18153BBD15008DF0C6 /* Foundation.framework */,
				1CD19B1A153BBD15008DF0C6 /* CoreGraphics.framework */,
			);
			name = Frameworks;
			sourceTree = "<group>";
		};
		1CD19B1C153BBD15008DF0C6 /* April12 */ = {
			isa = PBXGroup;
			children = (
				1CD19B25153BBD15008DF0C6 /* AppDelegate.h */,
				1CD19B26153BBD15008DF0C6 /* AppDelegate.m */,
				1CD19B1D153BBD15008DF0C6 /* Supporting Files */,
				1CD19B2D153BBD5F008DF0C6 /* CanvasView.h */,
				1CD19B2E153BBD5F008DF0C6 /* CanvasView.m */,
			);
			path = April12;
			sourceTree = "<group>";
		};
		1CD19B1D153BBD15008DF0C6 /* Supporting Files */ = {
			isa = PBXGroup;
			children = (
				1CD19B1E153BBD15008DF0C6 /* April12-Info.plist */,
				1CD19B1F153BBD15008DF0C6 /* InfoPlist.strings */,
				1CD19B22153BBD15008DF0C6 /* main.m */,
				1CD19B24153BBD15008DF0C6 /* April12-Prefix.pch */,
			);
			name = "Supporting Files";
			sourceTree = "<group>";
		};
/* End PBXGroup section */

/* Begin PBXNativeTarget section */
		1CD19B11153BBD15008DF0C6 /* April12 */ = {
			isa = PBXNativeTarget;
			buildConfigurationList = 1CD19B2A153BBD15008DF0C6 /* Build configuration list for PBXNativeTarget "April12" */;
			buildPhases = (
				1CD19B0E153BBD15008DF0C6 /* Sources */,
				1CD19B0F153BBD15008DF0C6 /* Frameworks */,
				1CD19B10153BBD15008DF0C6 /* Resources */,
			);
			buildRules = (
			);
			dependencies = (
			);
			name = April12;
			productName = April12;
			productReference = 1CD19B12153BBD15008DF0C6 /* April12.app */;
			productType = "com.apple.product-type.application";
		};
/* End PBXNativeTarget section */

/* Begin PBXProject section */
		1CD19B09153BBD14008DF0C6 /* Project object */ = {
			isa = PBXProject;
			attributes = {
				LastUpgradeCheck = 0430;
			};
			buildConfigurationList = 1CD19B0C153BBD14008DF0C6 /* Build configuration list for PBXProject "April12" */;
			compatibilityVersion = "Xcode 3.2";
			developmentRegion = English;
			hasScannedForEncodings = 0;
			knownRegions = (
				en,
			);
			mainGroup = 1CD19B07153BBD14008DF0C6;
			productRefGroup = 1CD19B13153BBD15008DF0C6 /* Products */;
			projectDirPath = "";
			projectRoot = "";
			targets = (
				1CD19B11153BBD15008DF0C6 /* April12 */,
			);
		};
/* End PBXProject section */

/* Begin PBXResourcesBuildPhase section */
		1CD19B10153BBD15008DF0C6 /* Resources */ = {
			isa = PBXResourcesBuildPhase;
			buildActionMask = 2147483647;
			files = (
				1CD19B21153BBD15008DF0C6 /* InfoPlist.strings in Resources */,
			);
			runOnlyForDeploymentPostprocessing = 0;
		};
/* End PBXResourcesBuildPhase section */

/* Begin PBXSourcesBuildPhase section */
		1CD19B0E153BBD15008DF0C6 /* Sources */ = {
			isa = PBXSourcesBuildPhase;
			buildActionMask = 2147483647;
			files = (
				1CD19B23153BBD15008DF0C6 /* main.m in Sources */,
				1CD19B27153BBD15008DF0C6 /* AppDelegate.m in Sources */,
				1CD19B2F153BBD5F008DF0C6 /* CanvasView.m in Sources */,
			);
			runOnlyForDeploymentPostprocessing = 0;
		};
/* End PBXSourcesBuildPhase section */

/* Begin PBXVariantGroup section */
		1CD19B1F153BBD15008DF0C6 /* InfoPlist.strings */ = {
			isa = PBXVariantGroup;
			children = (
				1CD19B20153BBD15008DF0C6 /* en */,
			);
			name = InfoPlist.strings;
			sourceTree = "<group>";
		};
/* End PBXVariantGroup section */

/* Begin XCBuildConfiguration section */
		1CD19B28153BBD15008DF0C6 /* Debug */ = {
			isa = XCBuildConfiguration;
			buildSettings = {
				ALWAYS_SEARCH_USER_PATHS = NO;
				ARCHS = "$(ARCHS_STANDARD_32_BIT)";
				CLANG_ENABLE_OBJC_ARC = YES;
				"CODE_SIGN_IDENTITY[sdk=iphoneos*]" = "iPhone Developer";
				COPY_PHASE_STRIP = NO;
				GCC_C_LANGUAGE_STANDARD = gnu99;
				GCC_DYNAMIC_NO_PIC = NO;
				GCC_OPTIMIZATION_LEVEL = 0;
				GCC_PREPROCESSOR_DEFINITIONS = (
					"DEBUG=1",
					"$(inherited)",
				);
				GCC_SYMBOLS_PRIVATE_EXTERN = NO;
				GCC_VERSION = com.apple.compilers.llvm.clang.1_0;
				GCC_WARN_ABOUT_RETURN_TYPE = YES;
				GCC_WARN_UNINITIALIZED_AUTOS = YES;
				GCC_WARN_UNUSED_VARIABLE = YES;
				IPHONEOS_DEPLOYMENT_TARGET = 5.1;
				SDKROOT = iphoneos;
			};
			name = Debug;
		};
		1CD19B29153BBD15008DF0C6 /* Release */ = {
			isa = XCBuildConfiguration;
			buildSettings = {
				ALWAYS_SEARCH_USER_PATHS = NO;
				ARCHS = "$(ARCHS_STANDARD_32_BIT)";
				CLANG_ENABLE_OBJC_ARC = YES;
				"CODE_SIGN_IDENTITY[sdk=iphoneos*]" = "iPhone Developer";
				COPY_PHASE_STRIP = YES;
				GCC_C_LANGUAGE_STANDARD = gnu99;
				GCC_VERSION = com.apple.compilers.llvm.clang.1_0;
				GCC_WARN_ABOUT_RETURN_TYPE = YES;
				GCC_WARN_UNINITIALIZED_AUTOS = YES;
				GCC_WARN_UNUSED_VARIABLE = YES;
				IPHONEOS_DEPLOYMENT_TARGET = 5.1;
				OTHER_CFLAGS = "-DNS_BLOCK_ASSERTIONS=1";
				SDKROOT = iphoneos;
				VALIDATE_PRODUCT = YES;
			};
			name = Release;
		};
		1CD19B2B153BBD15008DF0C6 /* Debug */ = {
			isa = XCBuildConfiguration;
			buildSettings = {
				GCC_PRECOMPILE_PREFIX_HEADER = YES;
				GCC_PREFIX_HEADER = "April12/April12-Prefix.pch";
				INFOPLIST_FILE = "April12/April12-Info.plist";
				PRODUCT_NAME = "$(TARGET_NAME)";
				WRAPPER_EXTENSION = app;
			};
			name = Debug;
		};
		1CD19B2C153BBD15008DF0C6 /* Release */ = {
			isa = XCBuildConfiguration;
			buildSettings = {
				GCC_PRECOMPILE_PREFIX_HEADER = YES;
				GCC_PREFIX_HEADER = "April12/April12-Prefix.pch";
				INFOPLIST_FILE = "April12/April12-Info.plist";
				PRODUCT_NAME = "$(TARGET_NAME)";
				WRAPPER_EXTENSION = app;
			};
			name = Release;
		};
/* End XCBuildConfiguration section */

/* Begin XCConfigurationList section */
		1CD19B0C153BBD14008DF0C6 /* Build configuration list for PBXProject "April12" */ = {
			isa = XCConfigurationList;
			buildConfigurations = (
				1CD19B28153BBD15008DF0C6 /* Debug */,
				1CD19B29153BBD15008DF0C6 /* Release */,
			);
			defaultConfigurationIsVisible = 0;
			defaultConfigurationName = Release;
		};
		1CD19B2A153BBD15008DF0C6 /* Build configuration list for PBXNativeTarget "April12" */ = {
			isa = XCConfigurationList;
			buildConfigurations = (
				1CD19B2B153BBD15008DF0C6 /* Debug */,
				1CD19B2C153BBD15008DF0C6 /* Release */,
			);
			defaultConfigurationIsVisible = 0;
		};
/* End XCConfigurationList section */
	};
	rootObject = 1CD19B09153BBD14008DF0C6 /* Project object */;
}
